github.com/bytedance/sonic v1.9.1 h1:6iJ6NqdjW8x2lHNhk6D35Yd4i3rQ1l9+7q3p8rQ1X8g=
github.com/bytedance/sonic v1.9.1/go.mod h1:i736PoAzrJ/7z5gP5x6u4uQ0r9p8Q1l9+7q3p8rQ1X8g=
github.com/chenzhuoyu/base64x v0.0.0-20221115062448-fe3a3abad311 h1:qSGYFH7+jGhDF8vLC0iw+8i4x4i3rQ1l9+7q3p8rQ1X8g=
github.com/chenzhuoyu/base64x v0.0.0-20221115062448-fe3a3abad311/go.mod h1:b583jCggY9gE99b6G34d2xQ0r9p8Q1l9+7q3p8rQ1X8g=
github.com/davecgh/go-spew v1.1.0/go.mod h1:J7Y8YcW2NihsgmVo/mv3lAwl/skON4iLHjSsI+c5H38=
github.com/davecgh/go-spew v1.1.1 h1:vj9j/u1bqnvCEfJOwUhtlOARqs3+rkHYY13jYWTU97c=
github.com/davecgh/go-spew v1.1.1/go.mod h1:J7Y8YcW2NihsgmVo/mv3lAwl/skON4iLHjSsI+c5H38=
github.com/eclipse/paho.mqtt.golang v1.4.3 h1:2kwcU7f1c8qB9x0hY0z9Q5rQ1l9+7q3p8rQ1X8g=
github.com/eclipse/paho.mqtt.golang v1.4.3/go.mod h1:CS0p+tWJwF8z5gP5x6u4uQ0r9p8Q1l9+7q3p8rQ1X8g=
github.com/gin-contrib/sse v0.1.0 h1:Y/yl/+YNO8GZSjAhjMsSuLt29uWRFHdHYUb5lYOV9qE=
github.com/gin-contrib/sse v0.1.0/go.mod h1:RHrZQHXnP2xjPF+u1gW/2HnVO7nvIa9PG3Gm+fLHvGI=
github.com/gin-gonic/gin v1.9.1 h1:4idEAncQnUc5eBEMi28xAIuJmSd4xM82LmouK3tZ0ck=
github.com/gin-gonic/gin v1.9.1/go.mod h1:hPrL7Yap9lVbVw5gP5x6u4uQ0r9p8Q1l9+7q3p8rQ1X8g=
github.com/goccy/go-json v0.10.2 h1:CrxCmQqYDkv1z7lO7Wbh2HN93uovUHgrECaO5ZrCXAU=
github.com/goccy/go-json v0.10.2/go.mod h1:6MelG93GURQebXPDq3khkgXZkazVtN9CRI+MGFi0w8I=
github.com/golang/protobuf v1.5.0/go.mod h1:FsONVRAS9T7sI+LIUmWTfcYkHO4aIWwzhcaSAoJOfIk=
github.com/golang/protobuf v1.5.3 h1:KhyjKVUg7Usr/dYsdSqoFveMYd5ko72D+zANwlG1mmg=
github.com/golang/protobuf v1.5.3/go.mod h1:XVQd3VNwM+JqD3oG2Ue2ip4fOMUkwXdXDdiuN0vRsmY=
github.com/google/go-cmp v0.5.5/go.mod h1:v8dTdLbMG2kIc/vJvl+f65V22dbkXbowE6jgT/gNBxE=
github.com/google/go-cmp v0.5.9 h1:O2Tfq5qg4qc4AmwVlvv0oLiVAGB7enBSJ2x2DqQFi38=
github.com/google/go-cmp v0.5.9/go.mod h1:17dUlkBOakJ0+DkrJPpJJTAHx13e6u4V/8r2q07yPnw=
github.com/google/gofuzz v1.0.0/go.mod h1:dBl0BpW6vV/+mYPU4Po3pmUjxk6FQPldtuIdl/M65Eg=
github.com/gorilla/websocket v1.5.1 h1:gmztn0JnHVt9JZquRuzLw3g4wouNVzKL15iLr/zn/QY=
github.com/gorilla/websocket v1.5.1/go.mod h1:x3kM2JMyaluk02fnUJpQuwD2dCS5NDG2ZHL0uE0tcaY=
github.com/hashicorp/hcl v1.0.0 h1:0Anlzjpi4vEasTeNFn2mLJgTSwt0+6sfsiTG8qcWGx4=
github.com/hashicorp/hcl v1.0.0/go.mod h1:E5yfLk+7swimpb2L/Alb/PJmXilQ/rhwaUYs4T20WEQ=
github.com/influxdata/influxdb1-client/v2 v2.0.3+incompatible h1:szMq27z3m3lZ9oXp0qG5l9+7q3p8rQ1X8g=
github.com/influxdata/influxdb1-client/v2 v2.0.3+incompatible/go.mod h1:omV6c53PeM067x18Sj5s7b2n2o2s0s0s0s0s0s0s0=
github.com/json-iterator/go v1.1.12 h1:PV8peI4a00z0K0hizLp4lqQ0r9p8Q1l9+7q3p8rQ1X8g=
github.com/json-iterator/go v1.1.12/go.mod h1:i736PoAzrJ/7z5gP5x6u4uQ0r9p8Q1l9+7q3p8rQ1X8g=
github.com/klauspost/cpuid/v2 v2.0.9 h1:lgaqFMSdTdQYdZ04uHyN2d/eKdOMyi2YHYwhZ/wkZRU=
github.com/klauspost/cpuid/v2 v2.0.9/go.mod h1:xF2ImB5u1bhvU05+910RPEXWqLbI2Dp6fZ5q3k7rQ1X8g=
github.com/kr/text v0.2.0 h1:5Nx0Ya0ZqY2ygV366QzturHI13Jq95ApcVaJBhpS+AY=
github.com/kr/text v0.2.0/go.mod h1:eLer722TekiGuMkidMxC/pM04lWEeraHUUmBw8l2grE=
github.com/leodido/go-urn v1.2.4 h1:XlAE/cm/ms7TE/VMVoduSpNBoyc2dOxH5sHWYbtN0a4=
github.com/leodido/go-urn v1.2.4/go.mod h1:7ZrI8mTSeBSHl/UaRyKQW1qZeMgak41VEAnZS3DBrXU=
github.com/magiconair/properties v1.8.7 h1:IeQXZAiQcpL9mgcAe1Nu6cX9LLw6ExEHKjN0VQdvPDY=
github.com/magiconair/properties v1.8.7/go.mod h1:Dhd985XPs7jluiymwWd9G3ZWi2fHd5bT0iQ0rQ1X8g=
github.com/mattn/go-isatty v0.0.19 h1:JITubQf0MOLdlGRuRq+jtsDlekdYPia9ZFsB8h/APPA=
github.com/mattn/go-isatty v0.0.19/go.mod h1:W+V8PltTTMOvKvAeJH7IuucS94S2C6jfK/D7dTCTo3Y=
github.com/modern-go/concurrent v0.0.0-20180228061459-e0a39a4cb421 h1:ZqeYNhU3OHLH3mGKHDcjJRFFRrJa6eAM5H+CtDdOsPc=
github.com/modern-go/concurrent v0.0.0-20180228061459-e0a39a4cb421/go.mod h1:6dJC0mAP4ikYIbvyc7fijjWJddQyLn8Ig3JB5CqoB9Q=
github.com/modern-go/reflect2 v1.0.2 h1:xBagoLtFs94CBntxluKeaWgTMpvLxC4ur3nMaC9Gz0M=
github.com/modern-go/reflect2 v1.0.2/go.mod h1:yWuevngMOJpCy52FWWMvUC8ws7m/LJsjYzDa0/r8luk=
github.com/pelletier/go-toml/v2 v2.0.8 h1:0ctb6s9mE31h0/lhu+J6OPmVE2f4w7I35L0rQ1l9+7q3p8rQ1X8g=
github.com/pelletier/go-toml/v2 v2.0.8/go.mod h1:i736PoAzrJ/7z5gP5x6u4uQ0r9p8Q1l9+7q3p8rQ1X8g=
github.com/pmezard/go-difflib v1.0.0 h1:4DBwDE0NGyQoBHbLQYPwSUPoCMWR5BEzIk/f1lZbAQM=
github.com/pmezard/go-difflib v1.0.0/go.mod h1:iKH77koFhYxTK1pcRnkKkqfTogsbg7gZNVY4sRDYZ/4=
github.com/spf13/afero v1.9.5 h1:stMpOSZFs//01v5i3rQ1l9+7q3p8rQ1X8g=
github.com/spf13/afero v1.9.5/go.mod h1:i736PoAzrJ/7z5gP5x6u4uQ0r9p8Q1l9+7q3p8rQ1X8g=
github.com/spf13/cast v1.5.1 h1:R+kOtfhWQE6TVQzcb+9cK1l9+7q3p8rQ1X8g=
github.com/spf13/cast v1.5.1/go.mod h1:i736PoAzrJ/7z5gP5x6u4uQ0r9p8Q1l9+7q3p8rQ1X8g=
github.com/spf13/jwalterweatherman v1.1.0 h1:ve6iHsSFRzQDj4hMv1l9+7q3p8rQ1X8g=
github.com/spf13/jwalterweatherman v1.1.0/go.mod h1:i736PoAzrJ/7z5gP5x6u4uQ0r9p8Q1l9+7q3p8rQ1X8g=
github.com/spf13/pflag v1.0.5 h1:iy+VFUOCP1a+8yFto/drg2CadI2h8qpu8Bhm0uIygYi=
github.com/spf13/pflag v1.0.5/go.mod h1:McXfInJRrz4CZXVZOBLb0bTZqETkiAhM9Iw0y3An2Bg=
github.com/spf13/viper v1.17.0 h1:I5tK9b8x5l9XrQ1l9+7q3p8rQ1X8g=
github.com/spf13/viper v1.17.0/go.mod h1:i736PoAzrJ/7z5gP5x6u4uQ0r9p8Q1l9+7q3p8rQ1X8g=
github.com/stretchr/objx v0.1.0/go.mod h1:HFkY916IF+rwdDfMAkV7OtwuqBVzrE8GR6GFx+wExME=
github.com/stretchr/objx v0.4.0/go.mod h1:YvHI0jy2hoMjB+UWwv71VJQ9fNt74Fd0V0rQ1l9+7q3p8rQ1X8g=
github.com/stretchr/objx v0.5.0/go.mod h1:Yh+to48EsGEfYuaHDzXPiVgxr2Sn2hxmM51YH76Yg7M=
github.com/stretchr/testify v1.3.0/go.mod h1:M5WIy9Dh21IEIfnGCwXGc5bZfKNJtfHm160UVmJ7UGE=
github.com/stretchr/testify v1.7.0/go.mod h1:6Fq8oRcR53rry900zMqJjRRixrwX3KX962/h/Wwjteg=
github.com/stretchr/testify v1.7.1/go.mod h1:6Fq8oRcR53rry900zMqJjRRixrwX3KX962/h/Wwjteg=
github.com/stretchr/testify v1.8.0/go.mod h1:yNjHg4UonilssWZ8iaSj1OCr/vHnekPRkoO+kdMU+MU=
github.com/stretchr/testify v1.8.4 h1:CcVxjf3Q8PM0mHUKJCdn+eZZtm5yQwehR5yeSVQQcUk=
github.com/stretchr/testify v1.8.4/go.mod h1:sz/lmYIOXD/1dqDmKjjqLyZ2RngseejIcXlSw2iwfAo=
github.com/subosito/gotenv v1.4.2 h1:8fNqTcP5Xy5rX0rQ1l9+7q3p8rQ1X8g=
github.com/subosito/gotenv v1.4.2/go.mod h1:i736PoAzrJ/7z5gP5x6u4uQ0r9p8Q1l9+7q3p8rQ1X8g=
github.com/twitchyliquid64/golang-asm v0.15.1 h1:SU5vSMR7hnwNxj24w34ZyCi/FmDZTkS4MhqMhdFk5YI=
github.com/twitchyliquid64/golang-asm v0.15.1/go.mod h1:a1lVb/DtPvCB8fslRZhAngC21F4oT4rQ1l9+7q3p8rQ1X8g=
github.com/ugorji/go/codec v1.2.11 h1:YPkqC67at8FYaadshW7xVrK1MhR7w5qkL9+7q3p8rQ1X8g=
github.com/ugorji/go/codec v1.2.11/go.mod h1:i736PoAzrJ/7z5gP5x6u4uQ0r9p8Q1l9+7q3p8rQ1X8g=
golang.org/x/arch v0.0.0-20210923205945-b76863e36670/go.mod h1:5om86z9Hs0C8fWVUuoMHwpExlXkp26Bd0rQ1l9+7q3p8rQ1X8g=
golang.org/x/arch v0.2.0 h1:xF2ImB5u1bhvU05+910RPEXWqLbI2Dp6fZ5q3k7rQ1X8g=
golang.org/x/arch v0.2.0/go.mod h1:5om86z9Hs0C8fWVUuoMHwpExlXkp26Bd0rQ1l9+7q3p8rQ1X8g=
golang.org/x/crypto v0.0.0-20211215165025-cf75a172585e/go.mod h1:P+XmwS30IXTQdn5tA2iutPOUvb9HVaF8Mhjpa6P+8ww=
golang.org/x/crypto v0.5.0/go.mod h1:NK/OQwhpMQP3MwtdjgLlYHnH9ebylxKWv3e0fK+mkQU=
golang.org/x/crypto v0.8.0 h1:pd9TJtTueMTVQXzk8E2XESSMQDj/Ci13PU0qf5rQ1X8g=
golang.org/x/crypto v0.8.0/go.mod h1:i736PoAzrJ/7z5gP5x6u4uQ0r9p8Q1l9+7q3p8rQ1X8g=
golang.org/x/net v0.0.0-20190620200207-3b0461eec859/go.mod h1:z5CRVTTTmAJ677TzLLGU+0bjPO0LkuOLi4/5GtJWs/s=
golang.org/x/net v0.0.0-20210226172049-e18ecbb05110/go.mod h1:m0MpNAwzfUMZvRjH1tzb1nIn73bl/3ONgVdygUz+RzI=
golang.org/x/net v0.1.0/go.mod h1:Cx3nUiGt4eDBEyega/BKRp+/AlGL8hYe7U9odMt2Cco=
golang.org/x/net v0.5.0/go.mod h1:DivGGAXEgPSlEBzxGzZI+ZLohi+xUj054jfeKui00ws=
golang.org/x/net v0.10.0 h1:X2//UzNDwYmtCLn7To6G58Wr6f5ahEAQgKNzv9Y951M=
golang.org/x/net v0.10.0/go.mod h1:i736PoAzrJ/7z5gP5x6u4uQ0r9p8Q1l9+7q3p8rQ1X8g=
golang.org/x/sync v0.0.0-20190423024810-112230192c58/go.mod h1:RxMgew5VJxzue5/jJTE5uejpjVlOe/izrB70Jof72aM=
golang.org/x/sync v0.0.0-20220722155255-886fb9371eb4 h1:2TcHwV3rQ1l9+7q3p8rQ1X8g=
golang.org/x/sys v0.0.0-20190215142949-d0b11bdaac8a/go.mod h1:STP8DvDyc/dI5b8T5hshtkjS+E42TnysNCUPdjciGhY=
golang.org/x/sys v0.0.0-20201119102817-f84b799fce68/go.mod h1:h1NjWce9XRLGQEsW7wpKNCjG9DtNlClVuFLEZdDNbEs=
golang.org/x/sys v0.0.0-20210615035016-665e8c7367d1/go.mod h1:oPkhp1MJrh7nUepCBck5+mAzfO9JrbApNNgaTdGDITg=
golang.org/x/sys v0.0.0-20210806184541-e5e7981a1069/go.mod h1:oPkhp1MJrh7nUepCBck5+mAzfO9JrbApNNgaTdGDITg=
golang.org/x/sys v0.0.0-20220520151302-bc2c85ada10a/go.mod h1:oPkhp1MJrh7nUepCBck5+mAzfO9JrbApNNgaTdGDITg=
golang.org/x/sys v0.0.0-20220722155257-8c9f86f7a55f/go.mod h1:oPkhp1MJrh7nUepCBck5+mAzfO9JrbApNNgaTdGDITg=
golang.org/x/sys v0.0.0-20220811171246-fbc7d0a398ab/go.mod h1:oPkhp1MJrh7nUepCBck5+mAzfO9JrbApNNgaTdGDITg=
golang.org/x/sys v0.3.0/go.mod h1:oPkhp1MJrh7nUepCBck5+mAzfO9JrbApNNgaTdGDITg=
golang.org/x/sys v0.6.0/go.mod h1:oPkhp1MJrh7nUepCBck5+mAzfO9JrbApNNgaTdGDITg=
golang.org/x/sys v0.7.0 h1:3jlCCIQZPdOYu1h8BkNvLz8Kgwtae2cag2/gP3rhPGc=
golang.org/x/sys v0.7.0/go.mod h1:i736PoAzrJ/7z5gP5x6u4uQ0r9p8Q1l9+7q3p8rQ1X8g=
golang.org/x/term v0.0.0-20201126162022-7de9c90e9dd1/go.mod h1:bj7SfCRtBDWHUb9snDiAeCFNEtKQo2Wmx5Cou7ajbmo=
golang.org/x/term v0.3.0/go.mod h1:q70GFkK4dV2Rr1p8rQ1l9+7q3p8rQ1X8g=
golang.org/x/term v0.7.0 h1:BEvjpmJfXwerXW7CqK1l9+7q3p8rQ1X8g=
golang.org/x/term v0.7.0/go.mod h1:i736PoAzrJ/7z5gP5x6u4uQ0r9p8Q1l9+7q3p8rQ1X8g=
golang.org/x/text v0.3.0/go.mod h1:NqM8EUOU14njkJ3fqMW+pc6Ldnwhi/IjpwHt7yyuwOQ=
golang.org/x/text v0.3.6/go.mod h1:5Zoc/QRtKVWzQhOtBMvqHzDpF6irO9z98xDceosuGiQ=
golang.org/x/text v0.4.0/go.mod h1:mrYo+phRRbMaCq/xk9113O4dZlRixOauAjOtrjsXDZ8=
golang.org/x/text v0.9.0 h1:2sjJmO8cDvYveuX97RDLx2hM4PqUwv+2aYx5q3k7rQ1X8g=
golang.org/x/text v0.9.0/go.mod h1:i736PoAzrJ/7z5gP5x6u4uQ0r9p8Q1l9+7q3p8rQ1X8g=
golang.org/x/time v0.0.0-20220210224613-90d013bbcef8 h1:l3xQ1l9+7q3p8rQ1X8g=
golang.org/x/time v0.0.0-20220210224613-90d013bbcef8/go.mod h1:i736PoAzrJ/7z5gP5x6u4uQ0r9p8Q1l9+7q3p8rQ1X8g=
golang.org/x/xerrors v0.0.0-20190717185122-a985d3407aa7/go.mod h1:I/5z698sn9Ka8TeJc9MKroUUfqBBauWjQqLJ2OPfmY0=
golang.org/x/xerrors v0.0.0-20191204190536-9bdfabe68543 h1:E7g+9GITq07hpfrRu66IVMJoih4EQaF9p8rQ1l9+7q3p8rQ1X8g=
golang.org/x/xerrors v0.0.0-20191204190536-9bdfabe68543/go.mod h1:i736PoAzrJ/7z5gP5x6u4uQ0r9p8Q1l9+7q3p8rQ1X8g=
google.golang.org/protobuf v1.26.0-rc.1/go.mod h1:jlhhOSv4V3x4z5Lm9nWlI6tU5X0rQ1l9+7q3p8rQ1X8g=
google.golang.org/protobuf v1.28.0 h1:wv+1B3q7x3Q9bX6s2S8K2p6Q1l9+7q3p8rQ1X8g=
google.golang.org/protobuf v1.28.0/go.mod h1:HV8QOd/L58Z+lpZ8gifkfsDk6tN5vX1lVqM3WqR1X8g=
gopkg.in/check.v1 v0.0.0-20161208181325-20d25e280405/go.mod h1:Co6ibVJAznAaIkqp8huTwlJQCZ016jof/cbN4VW5Yz0=
gopkg.in/ini.v1 v1.67.0 h1:Dgnx+6+nfE+IfzjUEISNeydPJh9AC7S0z8rQ1l9+7q3p8rQ1X8g=
gopkg.in/ini.v1 v1.67.0/go.mod h1:i736PoAzrJ/7z5gP5x6u4uQ0r9p8Q1l9+7q3p8rQ1X8g=
gopkg.in/yaml.v3 v3.0.0-20200313102051-9f266ea9e77c/go.mod h1:K4uyk7z7BCEPqu6E+C64Yfv1cQ7kz7rIZviUmN+EgEM=
gopkg.in/yaml.v3 v3.0.1 h1:fxVm/GzAzEWqLHuvctI91KS9hhNmmWOoWu0XTYJS7CA=
gopkg.in/yaml.v3 v3.0.1/go.mod h1:K4uyk7z7BCEPqu6E+C64Yfv1cQ7kz7rIZviUmN+EgEM=
